
Microsoft Visual Studio Solution File, Format Version 12.00
# Visual Studio Version 16
VisualStudioVersion = 16.0.30523.141
MinimumVisualStudioVersion = 10.0.40219.1
Project("{FAE04EC0-301F-11D3-BF4B-00C04F79EFBC}") = "LegoMaster", "LegoMaster.csproj", "{89A114C2-2D7D-4CCA-B4B2-39936FFFE756}"
EndProject
Global
	GlobalSection(SolutionConfigurationPlatforms) = preSolution
		Debug|Any CPU = Debug|Any CPU
		Release|Any CPU = Release|Any CPU
	EndGlobalSection
	GlobalSection(ProjectConfigurationPlatforms) = postSolution
		{89A114C2-2D7D-4CCA-B4B2-39936FFFE756}.Debug|Any CPU.ActiveCfg = Debug|Any CPU
		{89A114C2-2D7D-4CCA-B4B2-39936FFFE756}.Debug|Any CPU.Build.0 = Debug|Any CPU
		{89A114C2-2D7D-4CCA-B4B2-39936FFFE756}.Release|Any CPU.ActiveCfg = Release|Any CPU
		{89A114C2-2D7D-4CCA-B4B2-39936FFFE756}.Release|Any CPU.Build.0 = Release|Any CPU
	EndGlobalSection
	GlobalSection(SolutionProperties) = preSolution
		HideSolutionNode = FALSE
	EndGlobalSection
	GlobalSection(ExtensibilityGlobals) = postSolution
		SolutionGuid = {03243CE9-26A6-4A33-9FDE-965D0A665CB1}
	EndGlobalSection
EndGlobal
